{
  "name": "assets",
  "lockfileVersion": 3,
  "requires": true,
  "packages": {
    "": {
      "dependencies": {
        "@floating-ui/dom": "^1.6.8"
      }
    },
    "node_modules/@floating-ui/core": {
      "version": "1.6.5",
      "resolved": "https://registry.npmjs.org/@floating-ui/core/-/core-1.6.5.tgz",
      "integrity": "sha512-8GrTWmoFhm5BsMZOTHeGD2/0FLKLQQHvO/ZmQga4tKempYRLz8aqJGqXVuQgisnMObq2YZ2SgkwctN1LOOxcqA==",
      "dependencies": {
        "@floating-ui/utils": "^0.2.5"
      }
    },
    "node_modules/@floating-ui/dom": {
      "version": "1.6.8",
      "resolved": "https://registry.npmjs.org/@floating-ui/dom/-/dom-1.6.8.tgz",
      "integrity": "sha512-kx62rP19VZ767Q653wsP1XZCGIirkE09E0QUGNYTM/ttbbQHqcGPdSfWFxUyyNLc/W6aoJRBajOSXhP6GXjC0Q==",
      "dependencies": {
        "@floating-ui/core": "^1.6.0",
        "@floating-ui/utils": "^0.2.5"
      }
    },
    "node_modules/@floating-ui/utils": {
      "version": "0.2.5",
      "resolved": "https://registry.npmjs.org/@floating-ui/utils/-/utils-0.2.5.tgz",
      "integrity": "sha512-sTcG+QZ6fdEUObICavU+aB3Mp8HY4n14wYHdxK4fXjPmv3PXZZeY5RaguJmGyeH/CJQhX3fqKUtS4qc1LoHwhQ=="
    }
  }
}
