lockfileVersion: '9.0'

settings:
  autoInstallPeers: true
  excludeLinksFromLockfile: false

importers:

  .:
    dependencies:
      '@floating-ui/dom':
        specifier: ^1.6.8
        version: 1.6.10
      chart.js:
        specifier: ^4.4.7
        version: 4.4.7
    devDependencies:
      tailwindcss-animate:
        specifier: ^1.0.7
        version: 1.0.7

packages:

  '@floating-ui/core@1.6.7':
    resolution: {integrity: sha512-yDzVT/Lm101nQ5TCVeK65LtdN7Tj4Qpr9RTXJ2vPFLqtLxwOrpoxAHAJI8J3yYWUc40J0BDBheaitK5SJmno2g==}

  '@floating-ui/dom@1.6.10':
    resolution: {integrity: sha512-fskgCFv8J8OamCmyun8MfjB1Olfn+uZKjOKZ0vhYF3gRmEUXcGOjxWL8bBr7i4kIuPZ2KD2S3EUIOxnjC8kl2A==}

  '@floating-ui/utils@0.2.7':
    resolution: {integrity: sha512-X8R8Oj771YRl/w+c1HqAC1szL8zWQRwFvgDwT129k9ACdBoud/+/rX9V0qiMl6LWUdP9voC2nDVZYPMQQsb6eA==}

  '@kurkle/color@0.3.4':
    resolution: {integrity: sha512-M5UknZPHRu3DEDWoipU6sE8PdkZ6Z/S+v4dD+Ke8IaNlpdSQah50lz1KtcFBa2vsdOnwbbnxJwVM4wty6udA5w==}

  chart.js@4.4.7:
    resolution: {integrity: sha512-pwkcKfdzTMAU/+jNosKhNL2bHtJc/sSmYgVbuGTEDhzkrhmyihmP7vUc/5ZK9WopidMDHNe3Wm7jOd/WhuHWuw==}
    engines: {pnpm: '>=8'}

  tailwindcss-animate@1.0.7:
    resolution: {integrity: sha512-bl6mpH3T7I3UFxuvDEXLxy/VuFxBk5bbzplh7tXI68mwMokNYd1t9qPBHlnyTwfa4JGC4zP516I1hYYtQ/vspA==}
    peerDependencies:
      tailwindcss: '>=3.0.0 || insiders'

snapshots:

  '@floating-ui/core@1.6.7':
    dependencies:
      '@floating-ui/utils': 0.2.7

  '@floating-ui/dom@1.6.10':
    dependencies:
      '@floating-ui/core': 1.6.7
      '@floating-ui/utils': 0.2.7

  '@floating-ui/utils@0.2.7': {}

  '@kurkle/color@0.3.4': {}

  chart.js@4.4.7:
    dependencies:
      '@kurkle/color': 0.3.4

  tailwindcss-animate@1.0.7: {}
